# THIS IS AN AUTOGENERATED FILE. DO NOT EDIT THIS FILE DIRECTLY.
# yarn lockfile v1


"@babel/runtime@^7.0.0":
  version "7.5.5"
  resolved "https://registry.yarnpkg.com/@babel/runtime/-/runtime-7.5.5.tgz#74fba56d35efbeca444091c7850ccd494fd2f132"
  integrity sha512-28QvEGyQyNkB0/m2B4FU7IEZGK2NUrcMtT6BZEFALTguLk+AUT6ofsHtPk5QyjAdUkpMJ+/Em+quwz4HOt30AQ==
  dependencies:
    regenerator-runtime "^0.13.2"

"@redux-saga/core@^1.0.3":
  version "1.0.3"
  resolved "https://registry.yarnpkg.com/@redux-saga/core/-/core-1.0.3.tgz#c29ec7ae3d7dfcbcb8dc93177f2b3edc798c5d85"
  integrity sha512-zf8h5N0oTzaNeSMxOWH9GJMB9IRSM8JubDsrZVsvVltXjzFFSR8DNt7tbPoRJUK0hFfQB1it+bL+dEMWpD7wXA==
  dependencies:
    "@babel/runtime" "^7.0.0"
    "@redux-saga/deferred" "^1.0.1"
    "@redux-saga/delay-p" "^1.0.1"
    "@redux-saga/is" "^1.0.2"
    "@redux-saga/symbols" "^1.0.1"
    "@redux-saga/types" "^1.0.2"
    redux ">=0.10 <5"
    typescript-tuple "^2.1.0"

"@redux-saga/deferred@^1.0.1":
  version "1.0.1"
  resolved "https://registry.yarnpkg.com/@redux-saga/deferred/-/deferred-1.0.1.tgz#c895445e486bded90acf0b873b4e978fbfe458c2"
  integrity sha512-+gW5xQ93QXOOmRLAmX8x2Hx1HpbTG6CM6+HcdTSbJovh4uMWaGyeDECnqXSt8QqA/ja3s2nqYXLqXFKepIQ1hw==

"@redux-saga/delay-p@^1.0.1":
  version "1.0.1"
  resolved "https://registry.yarnpkg.com/@redux-saga/delay-p/-/delay-p-1.0.1.tgz#d69fc6103c7509ae80faa144ea17bbc69e51e029"
  integrity sha512-0SnNDyDLUyB4NThtptAwiprNOnbCNhoed/Rp5JwS7SB+a/AdWynVgg/E6BmjsggLFNr07KW0bzn05tsPRBuU7Q==
  dependencies:
    "@redux-saga/symbols" "^1.0.1"

"@redux-saga/is@^1.0.2":
  version "1.0.2"
  resolved "https://registry.yarnpkg.com/@redux-saga/is/-/is-1.0.2.tgz#7f4be014c97061898d7efb11d6c9de31e943ed38"
  integrity sha512-WnaUOwYvPK2waWjzebT4uhL8zY76XNkzzpJ2EQJe8bN1tByvAjvT7MuJZTSshOhdHL5PsRO0MsH224XIXBJidQ==
  dependencies:
    "@redux-saga/symbols" "^1.0.1"
    "@redux-saga/types" "^1.0.2"

"@redux-saga/symbols@^1.0.1":
  version "1.0.1"
  resolved "https://registry.yarnpkg.com/@redux-saga/symbols/-/symbols-1.0.1.tgz#46512ae1275f88df061c42168d0f600ddb170c1e"
  integrity sha512-akKkzcVnb1RzJaZV2LQFbi51abvdICMuAKwwLoCjjxLbLAGIw9EJxk5ucNnWSSCEsoEQMeol5tkAcK+Xzuv1Bg==

"@redux-saga/types@^1.0.2":
  version "1.0.2"
  resolved "https://registry.yarnpkg.com/@redux-saga/types/-/types-1.0.2.tgz#1d94f02800b094753f9271c206a26c2a06ca14ee"
  integrity sha512-8/qcMh15507AnXJ3lBeuhsdFwnWQqnp68EpUuHlYPixJ5vjVmls7/Jq48cnUlrZI8Jd9U1jkhfCl0gaT5KMgVw==

"js-tokens@^3.0.0 || ^4.0.0":
  version "4.0.0"
  resolved "https://registry.yarnpkg.com/js-tokens/-/js-tokens-4.0.0.tgz#19203fb59991df98e3a287050d4647cdeaf32499"
  integrity sha512-RdJUflcE3cUzKiMqQgsCu06FPu9UdIJO0beYbPhHN4k6apgJtifcoCtT9bcxOpYBtpD2kCM6Sbzg4CausW/PKQ==

loose-envify@^1.4.0:
  version "1.4.0"
  resolved "https://registry.yarnpkg.com/loose-envify/-/loose-envify-1.4.0.tgz#71ee51fa7be4caec1a63839f7e682d8132d30caf"
  integrity sha512-lyuxPGr/Wfhrlem2CL/UcnUc1zcqKAImBDzukY7Y5F/yQiNdko6+fRLevlw1HgMySw7f611UIY408EtxRSoK3Q==
  dependencies:
    js-tokens "^3.0.0 || ^4.0.0"

redux-saga@^1.0.5:
  version "1.0.5"
  resolved "https://registry.yarnpkg.com/redux-saga/-/redux-saga-1.0.5.tgz#03317261bc5fa7ee2ecb778f4e4848f573557bbb"
  integrity sha512-ytGFtaHyz6NQMQp7/LpQ/6CtOkbPRCcAeljUpc4c95hRm5U6dFvrRiZHeBPuQZ56L3oXfTX3hiYh8/3ZudsiNg==
  dependencies:
    "@redux-saga/core" "^1.0.3"

"redux@>=0.10 <5", redux@^4.0.4:
  version "4.0.4"
  resolved "https://registry.yarnpkg.com/redux/-/redux-4.0.4.tgz#4ee1aeb164b63d6a1bcc57ae4aa0b6e6fa7a3796"
  integrity sha512-vKv4WdiJxOWKxK0yRoaK3Y4pxxB0ilzVx6dszU2W8wLxlb2yikRph4iV/ymtdJ6ZxpBLFbyrxklnT5yBbQSl3Q==
  dependencies:
    loose-envify "^1.4.0"
    symbol-observable "^1.2.0"

regenerator-runtime@^0.13.2:
  version "0.13.3"
  resolved "https://registry.yarnpkg.com/regenerator-runtime/-/regenerator-runtime-0.13.3.tgz#7cf6a77d8f5c6f60eb73c5fc1955b2ceb01e6bf5"
  integrity sha512-naKIZz2GQ8JWh///G7L3X6LaQUAMp2lvb1rvwwsURe/VXwD6VMfr+/1NuNw3ag8v2kY1aQ/go5SNn79O9JU7yw==

symbol-observable@^1.2.0:
  version "1.2.0"
  resolved "https://registry.yarnpkg.com/symbol-observable/-/symbol-observable-1.2.0.tgz#c22688aed4eab3cdc2dfeacbb561660560a00804"
  integrity sha512-e900nM8RRtGhlV36KGEU9k65K3mPb1WV70OdjfxlG2EAuM1noi/E/BaW/uMhL7bPEssK8QV57vN3esixjUvcXQ==

typescript-compare@^0.0.2:
  version "0.0.2"
  resolved "https://registry.yarnpkg.com/typescript-compare/-/typescript-compare-0.0.2.tgz#7ee40a400a406c2ea0a7e551efd3309021d5f425"
  integrity sha512-8ja4j7pMHkfLJQO2/8tut7ub+J3Lw2S3061eJLFQcvs3tsmJKp8KG5NtpLn7KcY2w08edF74BSVN7qJS0U6oHA==
  dependencies:
    typescript-logic "^0.0.0"

typescript-logic@^0.0.0:
  version "0.0.0"
  resolved "https://registry.yarnpkg.com/typescript-logic/-/typescript-logic-0.0.0.tgz#66ebd82a2548f2b444a43667bec120b496890196"
  integrity sha512-zXFars5LUkI3zP492ls0VskH3TtdeHCqu0i7/duGt60i5IGPIpAHE/DWo5FqJ6EjQ15YKXrt+AETjv60Dat34Q==

typescript-tuple@^2.1.0:
  version "2.2.1"
  resolved "https://registry.yarnpkg.com/typescript-tuple/-/typescript-tuple-2.2.1.tgz#7d9813fb4b355f69ac55032e0363e8bb0f04dad2"
  integrity sha512-Zcr0lbt8z5ZdEzERHAMAniTiIKerFCMgd7yjq1fPnDJ43et/k9twIFQMUYff9k5oXcsQ0WpvFcgzK2ZKASoW6Q==
  dependencies:
    typescript-compare "^0.0.2"

typescript@^3.6.2:
  version "3.6.2"
  resolved "https://registry.yarnpkg.com/typescript/-/typescript-3.6.2.tgz#105b0f1934119dde543ac8eb71af3a91009efe54"
  integrity sha512-lmQ4L+J6mnu3xweP8+rOrUwzmN+MRAj7TgtJtDaXE5PMyX2kCrklhg3rvOsOIfNeAWMQWO2F1GPc1kMD2vLAfw==
